
Microsoft Visual Studio Solution File, Format Version 12.00
# Visual Studio Version 16
VisualStudioVersion = 16.0.31129.286
MinimumVisualStudioVersion = 10.0.40219.1
Project("{FAE04EC0-301F-11D3-BF4B-00C04F79EFBC}") = "my-books", "my-books\my-books.csproj", "{160D9082-14E6-4726-B9C3-A55471B2C1F5}"
EndProject
Global
	GlobalSection(SolutionConfigurationPlatforms) = preSolution
		Debug|Any CPU = Debug|Any CPU
		Release|Any CPU = Release|Any CPU
	EndGlobalSection
	GlobalSection(ProjectConfigurationPlatforms) = postSolution
		{160D9082-14E6-4726-B9C3-A55471B2C1F5}.Debug|Any CPU.ActiveCfg = Debug|Any CPU
		{160D9082-14E6-4726-B9C3-A55471B2C1F5}.Debug|Any CPU.Build.0 = Debug|Any CPU
		{160D9082-14E6-4726-B9C3-A55471B2C1F5}.Release|Any CPU.ActiveCfg = Release|Any CPU
		{160D9082-14E6-4726-B9C3-A55471B2C1F5}.Release|Any CPU.Build.0 = Release|Any CPU
	EndGlobalSection
	GlobalSection(SolutionProperties) = preSolution
		HideSolutionNode = FALSE
	EndGlobalSection
	GlobalSection(ExtensibilityGlobals) = postSolution
		SolutionGuid = {7ECE0DAF-F8DA-49C8-AABB-DC86EA570337}
	EndGlobalSection
EndGlobal
